
Microsoft Visual Studio Solution File, Format Version 12.00
# Visual Studio Version 17
VisualStudioVersion = 17.4.33122.133
MinimumVisualStudioVersion = 10.0.40219.1
Project("{FAE04EC0-301F-11D3-BF4B-00C04F79EFBC}") = "Robot", "Robot\Robot.csproj", "{076D0EE8-4860-478F-86AB-50BABD7AB20B}"
EndProject
Global
	GlobalSection(SolutionConfigurationPlatforms) = preSolution
		Debug|Any CPU = Debug|Any CPU
		Release|Any CPU = Release|Any CPU
	EndGlobalSection
	GlobalSection(ProjectConfigurationPlatforms) = postSolution
		{076D0EE8-4860-478F-86AB-50BABD7AB20B}.Debug|Any CPU.ActiveCfg = Debug|Any CPU
		{076D0EE8-4860-478F-86AB-50BABD7AB20B}.Debug|Any CPU.Build.0 = Debug|Any CPU
		{076D0EE8-4860-478F-86AB-50BABD7AB20B}.Release|Any CPU.ActiveCfg = Release|Any CPU
		{076D0EE8-4860-478F-86AB-50BABD7AB20B}.Release|Any CPU.Build.0 = Release|Any CPU
	EndGlobalSection
	GlobalSection(SolutionProperties) = preSolution
		HideSolutionNode = FALSE
	EndGlobalSection
	GlobalSection(ExtensibilityGlobals) = postSolution
		SolutionGuid = {2313EE24-0F67-42EC-BB54-F4DA5A7DCA91}
	EndGlobalSection
EndGlobal
